
Microsoft Visual Studio Solution File, Format Version 12.00
# Visual Studio Version 17
VisualStudioVersion = 17.1.32421.90
MinimumVisualStudioVersion = 10.0.40219.1
Project("{9A19103F-16F7-4668-BE54-9A1E7A4F7556}") = "vspheresdk", "vspheresdk\vspheresdk.csproj", "{56E53DC4-CB09-4880-BBBF-AFA5C6743CD5}"
EndProject
Project("{9A19103F-16F7-4668-BE54-9A1E7A4F7556}") = "SDKGenerator", "SDKGenerator\SDKGenerator.csproj", "{2872EFB7-0368-4D64-A70A-8F2322A149DA}"
EndProject
Project("{FAE04EC0-301F-11D3-BF4B-00C04F79EFBC}") = "vSphereSDKTesting", "vSphereSDKTesting\vSphereSDKTesting.csproj", "{4C1D74EF-E443-43C5-BB92-CB83CD557910}"
EndProject
Global
	GlobalSection(SolutionConfigurationPlatforms) = preSolution
		Debug|Any CPU = Debug|Any CPU
		Release|Any CPU = Release|Any CPU
	EndGlobalSection
	GlobalSection(ProjectConfigurationPlatforms) = postSolution
		{56E53DC4-CB09-4880-BBBF-AFA5C6743CD5}.Debug|Any CPU.ActiveCfg = Debug|Any CPU
		{56E53DC4-CB09-4880-BBBF-AFA5C6743CD5}.Debug|Any CPU.Build.0 = Debug|Any CPU
		{56E53DC4-CB09-4880-BBBF-AFA5C6743CD5}.Release|Any CPU.ActiveCfg = Release|Any CPU
		{56E53DC4-CB09-4880-BBBF-AFA5C6743CD5}.Release|Any CPU.Build.0 = Release|Any CPU
		{2872EFB7-0368-4D64-A70A-8F2322A149DA}.Debug|Any CPU.ActiveCfg = Debug|Any CPU
		{2872EFB7-0368-4D64-A70A-8F2322A149DA}.Debug|Any CPU.Build.0 = Debug|Any CPU
		{2872EFB7-0368-4D64-A70A-8F2322A149DA}.Release|Any CPU.ActiveCfg = Release|Any CPU
		{2872EFB7-0368-4D64-A70A-8F2322A149DA}.Release|Any CPU.Build.0 = Release|Any CPU
		{4C1D74EF-E443-43C5-BB92-CB83CD557910}.Debug|Any CPU.ActiveCfg = Debug|Any CPU
		{4C1D74EF-E443-43C5-BB92-CB83CD557910}.Debug|Any CPU.Build.0 = Debug|Any CPU
		{4C1D74EF-E443-43C5-BB92-CB83CD557910}.Release|Any CPU.ActiveCfg = Release|Any CPU
		{4C1D74EF-E443-43C5-BB92-CB83CD557910}.Release|Any CPU.Build.0 = Release|Any CPU
	EndGlobalSection
	GlobalSection(SolutionProperties) = preSolution
		HideSolutionNode = FALSE
	EndGlobalSection
	GlobalSection(ExtensibilityGlobals) = postSolution
		SolutionGuid = {57426398-9EDA-414C-9D19-3223BF1E5731}
	EndGlobalSection
EndGlobal
